// !$*UTF8*$!
{
	archiveVersion = 1;
	classes = {
	};
	objectVersion = 50;
	objects = {

/* Begin PBXBuildFile section */
		0B12DF3D2445C194003D277A /* libephprivacy.a in Frameworks */ = {isa = PBXBuildFile; fileRef = 0B12DF3C2445C194003D277A /* libephprivacy.a */; };
		0B6D28322445B504002F7C93 /* AppDelegate.m in Sources */ = {isa = PBXBuildFile; fileRef = 0B6D28312445B504002F7C93 /* AppDelegate.m */; };
		0B6D28352445B504002F7C93 /* SceneDelegate.m in Sources */ = {isa = PBXBuildFile; fileRef = 0B6D28342445B504002F7C93 /* SceneDelegate.m */; };
		0B6D28382445B504002F7C93 /* ViewController.m in Sources */ = {isa = PBXBuildFile; fileRef = 0B6D28372445B504002F7C93 /* ViewController.m */; };
		0B6D283B2445B504002F7C93 /* Main.storyboard in Resources */ = {isa = PBXBuildFile; fileRef = 0B6D28392445B504002F7C93 /* Main.storyboard */; };
		0B6D283D2445B506002F7C93 /* Assets.xcassets in Resources */ = {isa = PBXBuildFile; fileRef = 0B6D283C2445B506002F7C93 /* Assets.xcassets */; };
		0B6D28402445B506002F7C93 /* LaunchScreen.storyboard in Resources */ = {isa = PBXBuildFile; fileRef = 0B6D283E2445B506002F7C93 /* LaunchScreen.storyboard */; };
		0B6D28432445B506002F7C93 /* main.m in Sources */ = {isa = PBXBuildFile; fileRef = 0B6D28422445B506002F7C93 /* main.m */; };
/* End PBXBuildFile section */

/* Begin PBXFileReference section */
		0B12DF3B2445C194003D277A /* ephprivacy.h */ = {isa = PBXFileReference; fileEncoding = 4; lastKnownFileType = sourcecode.c.h; path = ephprivacy.h; sourceTree = "<group>"; };
		0B12DF3C2445C194003D277A /* libephprivacy.a */ = {isa = PBXFileReference; lastKnownFileType = archive.ar; path = libephprivacy.a; sourceTree = "<group>"; };
		0B6D282D2445B504002F7C93 /* TestEph.app */ = {isa = PBXFileReference; explicitFileType = wrapper.application; includeInIndex = 0; path = TestEph.app; sourceTree = BUILT_PRODUCTS_DIR; };
		0B6D28302445B504002F7C93 /* AppDelegate.h */ = {isa = PBXFileReference; lastKnownFileType = sourcecode.c.h; path = AppDelegate.h; sourceTree = "<group>"; };
		0B6D28312445B504002F7C93 /* AppDelegate.m */ = {isa = PBXFileReference; lastKnownFileType = sourcecode.c.objc; path = AppDelegate.m; sourceTree = "<group>"; };
		0B6D28332445B504002F7C93 /* SceneDelegate.h */ = {isa = PBXFileReference; lastKnownFileType = sourcecode.c.h; path = SceneDelegate.h; sourceTree = "<group>"; };
		0B6D28342445B504002F7C93 /* SceneDelegate.m */ = {isa = PBXFileReference; lastKnownFileType = sourcecode.c.objc; path = SceneDelegate.m; sourceTree = "<group>"; };
		0B6D28362445B504002F7C93 /* ViewController.h */ = {isa = PBXFileReference; lastKnownFileType = sourcecode.c.h; path = ViewController.h; sourceTree = "<group>"; };
		0B6D28372445B504002F7C93 /* ViewController.m */ = {isa = PBXFileReference; lastKnownFileType = sourcecode.c.objc; path = ViewController.m; sourceTree = "<group>"; };
		0B6D283A2445B504002F7C93 /* Base */ = {isa = PBXFileReference; lastKnownFileType = file.storyboard; name = Base; path = Base.lproj/Main.storyboard; sourceTree = "<group>"; };
		0B6D283C2445B506002F7C93 /* Assets.xcassets */ = {isa = PBXFileReference; lastKnownFileType = folder.assetcatalog; path = Assets.xcassets; sourceTree = "<group>"; };
		0B6D283F2445B506002F7C93 /* Base */ = {isa = PBXFileReference; lastKnownFileType = file.storyboard; name = Base; path = Base.lproj/LaunchScreen.storyboard; sourceTree = "<group>"; };
		0B6D28412445B506002F7C93 /* Info.plist */ = {isa = PBXFileReference; lastKnownFileType = text.plist.xml; path = Info.plist; sourceTree = "<group>"; };
		0B6D28422445B506002F7C93 /* main.m */ = {isa = PBXFileReference; lastKnownFileType = sourcecode.c.objc; path = main.m; sourceTree = "<group>"; };
		0B6D284A2445B526002F7C93 /* libc++.tbd */ = {isa = PBXFileReference; lastKnownFileType = "sourcecode.text-based-dylib-definition"; name = "libc++.tbd"; path = "usr/lib/libc++.tbd"; sourceTree = SDKROOT; };
/* End PBXFileReference section */

/* Begin PBXFrameworksBuildPhase section */
		0B6D282A2445B504002F7C93 /* Frameworks */ = {
			isa = PBXFrameworksBuildPhase;
			buildActionMask = 2147483647;
			files = (
				0B12DF3D2445C194003D277A /* libephprivacy.a in Frameworks */,
			);
			runOnlyForDeploymentPostprocessing = 0;
		};
/* End PBXFrameworksBuildPhase section */

/* Begin PBXGroup section */
		0B12DF3A2445C194003D277A /* include */ = {
			isa = PBXGroup;
			children = (
				0B12DF3B2445C194003D277A /* ephprivacy.h */,
				0B12DF3C2445C194003D277A /* libephprivacy.a */,
			);
			path = include;
			sourceTree = "<group>";
		};
		0B6D28242445B504002F7C93 = {
			isa = PBXGroup;
			children = (
				0B6D282F2445B504002F7C93 /* TestEph */,
				0B6D282E2445B504002F7C93 /* Products */,
				0B6D28492445B526002F7C93 /* Frameworks */,
			);
			sourceTree = "<group>";
		};
		0B6D282E2445B504002F7C93 /* Products */ = {
			isa = PBXGroup;
			children = (
				0B6D282D2445B504002F7C93 /* TestEph.app */,
			);
			name = Products;
			sourceTree = "<group>";
		};
		0B6D282F2445B504002F7C93 /* TestEph */ = {
			isa = PBXGroup;
			children = (
				0B12DF3A2445C194003D277A /* include */,
				0B6D28302445B504002F7C93 /* AppDelegate.h */,
				0B6D28312445B504002F7C93 /* AppDelegate.m */,
				0B6D28332445B504002F7C93 /* SceneDelegate.h */,
				0B6D28342445B504002F7C93 /* SceneDelegate.m */,
				0B6D28362445B504002F7C93 /* ViewController.h */,
				0B6D28372445B504002F7C93 /* ViewController.m */,
				0B6D28392445B504002F7C93 /* Main.storyboard */,
				0B6D283C2445B506002F7C93 /* Assets.xcassets */,
				0B6D283E2445B506002F7C93 /* LaunchScreen.storyboard */,
				0B6D28412445B506002F7C93 /* Info.plist */,
				0B6D28422445B506002F7C93 /* main.m */,
			);
			path = TestEph;
			sourceTree = "<group>";
		};
		0B6D28492445B526002F7C93 /* Frameworks */ = {
			isa = PBXGroup;
			children = (
				0B6D284A2445B526002F7C93 /* libc++.tbd */,
			);
			name = Frameworks;
			sourceTree = "<group>";
		};
/* End PBXGroup section */

/* Begin PBXNativeTarget section */
		0B6D282C2445B504002F7C93 /* TestEph */ = {
			isa = PBXNativeTarget;
			buildConfigurationList = 0B6D28462445B506002F7C93 /* Build configuration list for PBXNativeTarget "TestEph" */;
			buildPhases = (
				0B6D28292445B504002F7C93 /* Sources */,
				0B6D282A2445B504002F7C93 /* Frameworks */,
				0B6D282B2445B504002F7C93 /* Resources */,
			);
			buildRules = (
			);
			dependencies = (
			);
			name = TestEph;
			productName = TestEph;
			productReference = 0B6D282D2445B504002F7C93 /* TestEph.app */;
			productType = "com.apple.product-type.application";
		};
/* End PBXNativeTarget section */

/* Begin PBXProject section */
		0B6D28252445B504002F7C93 /* Project object */ = {
			isa = PBXProject;
			attributes = {
				LastUpgradeCheck = 1140;
				ORGANIZATIONNAME = "HU Siyan";
				TargetAttributes = {
					0B6D282C2445B504002F7C93 = {
						CreatedOnToolsVersion = 11.4;
					};
				};
			};
			buildConfigurationList = 0B6D28282445B504002F7C93 /* Build configuration list for PBXProject "TestEph" */;
			compatibilityVersion = "Xcode 9.3";
			developmentRegion = en;
			hasScannedForEncodings = 0;
			knownRegions = (
				en,
				Base,
			);
			mainGroup = 0B6D28242445B504002F7C93;
			productRefGroup = 0B6D282E2445B504002F7C93 /* Products */;
			projectDirPath = "";
			projectRoot = "";
			targets = (
				0B6D282C2445B504002F7C93 /* TestEph */,
			);
		};
/* End PBXProject section */

/* Begin PBXResourcesBuildPhase section */
		0B6D282B2445B504002F7C93 /* Resources */ = {
			isa = PBXResourcesBuildPhase;
			buildActionMask = 2147483647;
			files = (
				0B6D28402445B506002F7C93 /* LaunchScreen.storyboard in Resources */,
				0B6D283D2445B506002F7C93 /* Assets.xcassets in Resources */,
				0B6D283B2445B504002F7C93 /* Main.storyboard in Resources */,
			);
			runOnlyForDeploymentPostprocessing = 0;
		};
/* End PBXResourcesBuildPhase section */

/* Begin PBXSourcesBuildPhase section */
		0B6D28292445B504002F7C93 /* Sources */ = {
			isa = PBXSourcesBuildPhase;
			buildActionMask = 2147483647;
			files = (
				0B6D28382445B504002F7C93 /* ViewController.m in Sources */,
				0B6D28322445B504002F7C93 /* AppDelegate.m in Sources */,
				0B6D28432445B506002F7C93 /* main.m in Sources */,
				0B6D28352445B504002F7C93 /* SceneDelegate.m in Sources */,
			);
			runOnlyForDeploymentPostprocessing = 0;
		};
/* End PBXSourcesBuildPhase section */

/* Begin PBXVariantGroup section */
		0B6D28392445B504002F7C93 /* Main.storyboard */ = {
			isa = PBXVariantGroup;
			children = (
				0B6D283A2445B504002F7C93 /* Base */,
			);
			name = Main.storyboard;
			sourceTree = "<group>";
		};
		0B6D283E2445B506002F7C93 /* LaunchScreen.storyboard */ = {
			isa = PBXVariantGroup;
			children = (
				0B6D283F2445B506002F7C93 /* Base */,
			);
			name = LaunchScreen.storyboard;
			sourceTree = "<group>";
		};
/* End PBXVariantGroup section */

/* Begin XCBuildConfiguration section */
		0B6D28442445B506002F7C93 /* Debug */ = {
			isa = XCBuildConfiguration;
			buildSettings = {
				ALWAYS_SEARCH_USER_PATHS = NO;
				CLANG_ANALYZER_NONNULL = YES;
				CLANG_ANALYZER_NUMBER_OBJECT_CONVERSION = YES_AGGRESSIVE;
				CLANG_CXX_LANGUAGE_STANDARD = "gnu++14";
				CLANG_CXX_LIBRARY = "libc++";
				CLANG_ENABLE_MODULES = YES;
				CLANG_ENABLE_OBJC_ARC = YES;
				CLANG_ENABLE_OBJC_WEAK = YES;
				CLANG_WARN_BLOCK_CAPTURE_AUTORELEASING = YES;
				CLANG_WARN_BOOL_CONVERSION = YES;
				CLANG_WARN_COMMA = YES;
				CLANG_WARN_CONSTANT_CONVERSION = YES;
				CLANG_WARN_DEPRECATED_OBJC_IMPLEMENTATIONS = YES;
				CLANG_WARN_DIRECT_OBJC_ISA_USAGE = YES_ERROR;
				CLANG_WARN_DOCUMENTATION_COMMENTS = YES;
				CLANG_WARN_EMPTY_BODY = YES;
				CLANG_WARN_ENUM_CONVERSION = YES;
				CLANG_WARN_INFINITE_RECURSION = YES;
				CLANG_WARN_INT_CONVERSION = YES;
				CLANG_WARN_NON_LITERAL_NULL_CONVERSION = YES;
				CLANG_WARN_OBJC_IMPLICIT_RETAIN_SELF = YES;
				CLANG_WARN_OBJC_LITERAL_CONVERSION = YES;
				CLANG_WARN_OBJC_ROOT_CLASS = YES_ERROR;
				CLANG_WARN_RANGE_LOOP_ANALYSIS = YES;
				CLANG_WARN_STRICT_PROTOTYPES = YES;
				CLANG_WARN_SUSPICIOUS_MOVE = YES;
				CLANG_WARN_UNGUARDED_AVAILABILITY = YES_AGGRESSIVE;
				CLANG_WARN_UNREACHABLE_CODE = YES;
				CLANG_WARN__DUPLICATE_METHOD_MATCH = YES;
				COPY_PHASE_STRIP = NO;
				DEBUG_INFORMATION_FORMAT = dwarf;
				ENABLE_STRICT_OBJC_MSGSEND = YES;
				ENABLE_TESTABILITY = YES;
				GCC_C_LANGUAGE_STANDARD = gnu11;
				GCC_DYNAMIC_NO_PIC = NO;
				GCC_NO_COMMON_BLOCKS = YES;
				GCC_OPTIMIZATION_LEVEL = 0;
				GCC_PREPROCESSOR_DEFINITIONS = (
					"DEBUG=1",
					"$(inherited)",
				);
				GCC_WARN_64_TO_32_BIT_CONVERSION = YES;
				GCC_WARN_ABOUT_RETURN_TYPE = YES_ERROR;
				GCC_WARN_UNDECLARED_SELECTOR = YES;
				GCC_WARN_UNINITIALIZED_AUTOS = YES_AGGRESSIVE;
				GCC_WARN_UNUSED_FUNCTION = YES;
				GCC_WARN_UNUSED_VARIABLE = YES;
				IPHONEOS_DEPLOYMENT_TARGET = 13.4;
				MTL_ENABLE_DEBUG_INFO = INCLUDE_SOURCE;
				MTL_FAST_MATH = YES;
				ONLY_ACTIVE_ARCH = YES;
				SDKROOT = iphoneos;
			};
			name = Debug;
		};
		0B6D28452445B506002F7C93 /* Release */ = {
			isa = XCBuildConfiguration;
			buildSettings = {
				ALWAYS_SEARCH_USER_PATHS = NO;
				CLANG_ANALYZER_NONNULL = YES;
				CLANG_ANALYZER_NUMBER_OBJECT_CONVERSION = YES_AGGRESSIVE;
				CLANG_CXX_LANGUAGE_STANDARD = "gnu++14";
				CLANG_CXX_LIBRARY = "libc++";
				CLANG_ENABLE_MODULES = YES;
				CLANG_ENABLE_OBJC_ARC = YES;
				CLANG_ENABLE_OBJC_WEAK = YES;
				CLANG_WARN_BLOCK_CAPTURE_AUTORELEASING = YES;
				CLANG_WARN_BOOL_CONVERSION = YES;
				CLANG_WARN_COMMA = YES;
				CLANG_WARN_CONSTANT_CONVERSION = YES;
				CLANG_WARN_DEPRECATED_OBJC_IMPLEMENTATIONS = YES;
				CLANG_WARN_DIRECT_OBJC_ISA_USAGE = YES_ERROR;
				CLANG_WARN_DOCUMENTATION_COMMENTS = YES;
				CLANG_WARN_EMPTY_BODY = YES;
				CLANG_WARN_ENUM_CONVERSION = YES;
				CLANG_WARN_INFINITE_RECURSION = YES;
				CLANG_WARN_INT_CONVERSION = YES;
				CLANG_WARN_NON_LITERAL_NULL_CONVERSION = YES;
				CLANG_WARN_OBJC_IMPLICIT_RETAIN_SELF = YES;
				CLANG_WARN_OBJC_LITERAL_CONVERSION = YES;
				CLANG_WARN_OBJC_ROOT_CLASS = YES_ERROR;
				CLANG_WARN_RANGE_LOOP_ANALYSIS = YES;
				CLANG_WARN_STRICT_PROTOTYPES = YES;
				CLANG_WARN_SUSPICIOUS_MOVE = YES;
				CLANG_WARN_UNGUARDED_AVAILABILITY = YES_AGGRESSIVE;
				CLANG_WARN_UNREACHABLE_CODE = YES;
				CLANG_WARN__DUPLICATE_METHOD_MATCH = YES;
				COPY_PHASE_STRIP = NO;
				DEBUG_INFORMATION_FORMAT = "dwarf-with-dsym";
				ENABLE_NS_ASSERTIONS = NO;
				ENABLE_STRICT_OBJC_MSGSEND = YES;
				GCC_C_LANGUAGE_STANDARD = gnu11;
				GCC_NO_COMMON_BLOCKS = YES;
				GCC_WARN_64_TO_32_BIT_CONVERSION = YES;
				GCC_WARN_ABOUT_RETURN_TYPE = YES_ERROR;
				GCC_WARN_UNDECLARED_SELECTOR = YES;
				GCC_WARN_UNINITIALIZED_AUTOS = YES_AGGRESSIVE;
				GCC_WARN_UNUSED_FUNCTION = YES;
				GCC_WARN_UNUSED_VARIABLE = YES;
				IPHONEOS_DEPLOYMENT_TARGET = 13.4;
				MTL_ENABLE_DEBUG_INFO = NO;
				MTL_FAST_MATH = YES;
				SDKROOT = iphoneos;
				VALIDATE_PRODUCT = YES;
			};
			name = Release;
		};
		0B6D28472445B506002F7C93 /* Debug */ = {
			isa = XCBuildConfiguration;
			buildSettings = {
				ASSETCATALOG_COMPILER_APPICON_NAME = AppIcon;
				CODE_SIGN_STYLE = Automatic;
				DEVELOPMENT_TEAM = 5G4J2HGQG3;
				GCC_INPUT_FILETYPE = sourcecode.c.objc;
				INFOPLIST_FILE = TestEph/Info.plist;
				LD_RUNPATH_SEARCH_PATHS = (
					"$(inherited)",
					"@executable_path/Frameworks",
				);
				LIBRARY_SEARCH_PATHS = (
					"$(inherited)",
					"$(PROJECT_DIR)/TestEph",
					"$(PROJECT_DIR)",
					"$(PROJECT_DIR)/TestEph/include",
				);
				PRODUCT_BUNDLE_IDENTIFIER = org.siyanhu.hkust.testlib.TestEph;
				PRODUCT_NAME = "$(TARGET_NAME)";
				TARGETED_DEVICE_FAMILY = "1,2";
			};
			name = Debug;
		};
		0B6D28482445B506002F7C93 /* Release */ = {
			isa = XCBuildConfiguration;
			buildSettings = {
				ASSETCATALOG_COMPILER_APPICON_NAME = AppIcon;
				CODE_SIGN_STYLE = Automatic;
				DEVELOPMENT_TEAM = 5G4J2HGQG3;
				GCC_INPUT_FILETYPE = sourcecode.c.objc;
				INFOPLIST_FILE = TestEph/Info.plist;
				LD_RUNPATH_SEARCH_PATHS = (
					"$(inherited)",
					"@executable_path/Frameworks",
				);
				LIBRARY_SEARCH_PATHS = (
					"$(inherited)",
					"$(PROJECT_DIR)/TestEph",
					"$(PROJECT_DIR)",
					"$(PROJECT_DIR)/TestEph/include",
				);
				PRODUCT_BUNDLE_IDENTIFIER = org.siyanhu.hkust.testlib.TestEph;
				PRODUCT_NAME = "$(TARGET_NAME)";
				TARGETED_DEVICE_FAMILY = "1,2";
			};
			name = Release;
		};
/* End XCBuildConfiguration section */

/* Begin XCConfigurationList section */
		0B6D28282445B504002F7C93 /* Build configuration list for PBXProject "TestEph" */ = {
			isa = XCConfigurationList;
			buildConfigurations = (
				0B6D28442445B506002F7C93 /* Debug */,
				0B6D28452445B506002F7C93 /* Release */,
			);
			defaultConfigurationIsVisible = 0;
			defaultConfigurationName = Release;
		};
		0B6D28462445B506002F7C93 /* Build configuration list for PBXNativeTarget "TestEph" */ = {
			isa = XCConfigurationList;
			buildConfigurations = (
				0B6D28472445B506002F7C93 /* Debug */,
				0B6D28482445B506002F7C93 /* Release */,
			);
			defaultConfigurationIsVisible = 0;
			defaultConfigurationName = Release;
		};
/* End XCConfigurationList section */
	};
	rootObject = 0B6D28252445B504002F7C93 /* Project object */;
}
